// !$*UTF8*$!
{
	archiveVersion = 1;
	classes = {
	};
	objectVersion = 46;
	objects = {

/* Begin PBXBuildFile section */
		962730A81CE7149200EDBF5E /* AppDelegate.swift in Sources */ = {isa = PBXBuildFile; fileRef = 962730A71CE7149200EDBF5E /* AppDelegate.swift */; };
		962730AA1CE7149200EDBF5E /* ViewController.swift in Sources */ = {isa = PBXBuildFile; fileRef = 962730A91CE7149200EDBF5E /* ViewController.swift */; };
		962730AD1CE7149200EDBF5E /* Main.storyboard in Resources */ = {isa = PBXBuildFile; fileRef = 962730AB1CE7149200EDBF5E /* Main.storyboard */; };
		962730AF1CE7149200EDBF5E /* Assets.xcassets in Resources */ = {isa = PBXBuildFile; fileRef = 962730AE1CE7149200EDBF5E /* Assets.xcassets */; };
		962730B21CE7149200EDBF5E /* LaunchScreen.storyboard in Resources */ = {isa = PBXBuildFile; fileRef = 962730B01CE7149200EDBF5E /* LaunchScreen.storyboard */; };
		962730BD1CE7149200EDBF5E /* RummyCountTests.swift in Sources */ = {isa = PBXBuildFile; fileRef = 962730BC1CE7149200EDBF5E /* RummyCountTests.swift */; };
		962730C81CE7149200EDBF5E /* RummyCountUITests.swift in Sources */ = {isa = PBXBuildFile; fileRef = 962730C71CE7149200EDBF5E /* RummyCountUITests.swift */; };
/* End PBXBuildFile section */

/* Begin PBXContainerItemProxy section */
		962730B91CE7149200EDBF5E /* PBXContainerItemProxy */ = {
			isa = PBXContainerItemProxy;
			containerPortal = 9627309C1CE7149200EDBF5E /* Project object */;
			proxyType = 1;
			remoteGlobalIDString = 962730A31CE7149200EDBF5E;
			remoteInfo = RummyCount;
		};
		962730C41CE7149200EDBF5E /* PBXContainerItemProxy */ = {
			isa = PBXContainerItemProxy;
			containerPortal = 9627309C1CE7149200EDBF5E /* Project object */;
			proxyType = 1;
			remoteGlobalIDString = 962730A31CE7149200EDBF5E;
			remoteInfo = RummyCount;
		};
/* End PBXContainerItemProxy section */

/* Begin PBXFileReference section */
		962730A41CE7149200EDBF5E /* RummyCount.app */ = {isa = PBXFileReference; explicitFileType = wrapper.application; includeInIndex = 0; path = RummyCount.app; sourceTree = BUILT_PRODUCTS_DIR; };
		962730A71CE7149200EDBF5E /* AppDelegate.swift */ = {isa = PBXFileReference; lastKnownFileType = sourcecode.swift; path = AppDelegate.swift; sourceTree = "<group>"; };
		962730A91CE7149200EDBF5E /* ViewController.swift */ = {isa = PBXFileReference; lastKnownFileType = sourcecode.swift; path = ViewController.swift; sourceTree = "<group>"; };
		962730AC1CE7149200EDBF5E /* Base */ = {isa = PBXFileReference; lastKnownFileType = file.storyboard; name = Base; path = Base.lproj/Main.storyboard; sourceTree = "<group>"; };
		962730AE1CE7149200EDBF5E /* Assets.xcassets */ = {isa = PBXFileReference; lastKnownFileType = folder.assetcatalog; path = Assets.xcassets; sourceTree = "<group>"; };
		962730B11CE7149200EDBF5E /* Base */ = {isa = PBXFileReference; lastKnownFileType = file.storyboard; name = Base; path = Base.lproj/LaunchScreen.storyboard; sourceTree = "<group>"; };
		962730B31CE7149200EDBF5E /* Info.plist */ = {isa = PBXFileReference; lastKnownFileType = text.plist.xml; path = Info.plist; sourceTree = "<group>"; };
		962730B81CE7149200EDBF5E /* RummyCountTests.xctest */ = {isa = PBXFileReference; explicitFileType = wrapper.cfbundle; includeInIndex = 0; path = RummyCountTests.xctest; sourceTree = BUILT_PRODUCTS_DIR; };
		962730BC1CE7149200EDBF5E /* RummyCountTests.swift */ = {isa = PBXFileReference; lastKnownFileType = sourcecode.swift; path = RummyCountTests.swift; sourceTree = "<group>"; };
		962730BE1CE7149200EDBF5E /* Info.plist */ = {isa = PBXFileReference; lastKnownFileType = text.plist.xml; path = Info.plist; sourceTree = "<group>"; };
		962730C31CE7149200EDBF5E /* RummyCountUITests.xctest */ = {isa = PBXFileReference; explicitFileType = wrapper.cfbundle; includeInIndex = 0; path = RummyCountUITests.xctest; sourceTree = BUILT_PRODUCTS_DIR; };
		962730C71CE7149200EDBF5E /* RummyCountUITests.swift */ = {isa = PBXFileReference; lastKnownFileType = sourcecode.swift; path = RummyCountUITests.swift; sourceTree = "<group>"; };
		962730C91CE7149200EDBF5E /* Info.plist */ = {isa = PBXFileReference; lastKnownFileType = text.plist.xml; path = Info.plist; sourceTree = "<group>"; };
/* End PBXFileReference section */

/* Begin PBXFrameworksBuildPhase section */
		962730A11CE7149200EDBF5E /* Frameworks */ = {
			isa = PBXFrameworksBuildPhase;
			buildActionMask = 2147483647;
			files = (
			);
			runOnlyForDeploymentPostprocessing = 0;
		};
		962730B51CE7149200EDBF5E /* Frameworks */ = {
			isa = PBXFrameworksBuildPhase;
			buildActionMask = 2147483647;
			files = (
			);
			runOnlyForDeploymentPostprocessing = 0;
		};
		962730C01CE7149200EDBF5E /* Frameworks */ = {
			isa = PBXFrameworksBuildPhase;
			buildActionMask = 2147483647;
			files = (
			);
			runOnlyForDeploymentPostprocessing = 0;
		};
/* End PBXFrameworksBuildPhase section */

/* Begin PBXGroup section */
		9627309B1CE7149200EDBF5E = {
			isa = PBXGroup;
			children = (
				962730A61CE7149200EDBF5E /* RummyCount */,
				962730BB1CE7149200EDBF5E /* RummyCountTests */,
				962730C61CE7149200EDBF5E /* RummyCountUITests */,
				962730A51CE7149200EDBF5E /* Products */,
			);
			sourceTree = "<group>";
		};
		962730A51CE7149200EDBF5E /* Products */ = {
			isa = PBXGroup;
			children = (
				962730A41CE7149200EDBF5E /* RummyCount.app */,
				962730B81CE7149200EDBF5E /* RummyCountTests.xctest */,
				962730C31CE7149200EDBF5E /* RummyCountUITests.xctest */,
			);
			name = Products;
			sourceTree = "<group>";
		};
		962730A61CE7149200EDBF5E /* RummyCount */ = {
			isa = PBXGroup;
			children = (
				962730A71CE7149200EDBF5E /* AppDelegate.swift */,
				962730A91CE7149200EDBF5E /* ViewController.swift */,
				962730AB1CE7149200EDBF5E /* Main.storyboard */,
				962730AE1CE7149200EDBF5E /* Assets.xcassets */,
				962730B01CE7149200EDBF5E /* LaunchScreen.storyboard */,
				962730B31CE7149200EDBF5E /* Info.plist */,
			);
			path = RummyCount;
			sourceTree = "<group>";
		};
		962730BB1CE7149200EDBF5E /* RummyCountTests */ = {
			isa = PBXGroup;
			children = (
				962730BC1CE7149200EDBF5E /* RummyCountTests.swift */,
				962730BE1CE7149200EDBF5E /* Info.plist */,
			);
			path = RummyCountTests;
			sourceTree = "<group>";
		};
		962730C61CE7149200EDBF5E /* RummyCountUITests */ = {
			isa = PBXGroup;
			children = (
				962730C71CE7149200EDBF5E /* RummyCountUITests.swift */,
				962730C91CE7149200EDBF5E /* Info.plist */,
			);
			path = RummyCountUITests;
			sourceTree = "<group>";
		};
/* End PBXGroup section */

/* Begin PBXNativeTarget section */
		962730A31CE7149200EDBF5E /* RummyCount */ = {
			isa = PBXNativeTarget;
			buildConfigurationList = 962730CC1CE7149200EDBF5E /* Build configuration list for PBXNativeTarget "RummyCount" */;
			buildPhases = (
				962730A01CE7149200EDBF5E /* Sources */,
				962730A11CE7149200EDBF5E /* Frameworks */,
				962730A21CE7149200EDBF5E /* Resources */,
			);
			buildRules = (
			);
			dependencies = (
			);
			name = RummyCount;
			productName = RummyCount;
			productReference = 962730A41CE7149200EDBF5E /* RummyCount.app */;
			productType = "com.apple.product-type.application";
		};
		962730B71CE7149200EDBF5E /* RummyCountTests */ = {
			isa = PBXNativeTarget;
			buildConfigurationList = 962730CF1CE7149200EDBF5E /* Build configuration list for PBXNativeTarget "RummyCountTests" */;
			buildPhases = (
				962730B41CE7149200EDBF5E /* Sources */,
				962730B51CE7149200EDBF5E /* Frameworks */,
				962730B61CE7149200EDBF5E /* Resources */,
			);
			buildRules = (
			);
			dependencies = (
				962730BA1CE7149200EDBF5E /* PBXTargetDependency */,
			);
			name = RummyCountTests;
			productName = RummyCountTests;
			productReference = 962730B81CE7149200EDBF5E /* RummyCountTests.xctest */;
			productType = "com.apple.product-type.bundle.unit-test";
		};
		962730C21CE7149200EDBF5E /* RummyCountUITests */ = {
			isa = PBXNativeTarget;
			buildConfigurationList = 962730D21CE7149200EDBF5E /* Build configuration list for PBXNativeTarget "RummyCountUITests" */;
			buildPhases = (
				962730BF1CE7149200EDBF5E /* Sources */,
				962730C01CE7149200EDBF5E /* Frameworks */,
				962730C11CE7149200EDBF5E /* Resources */,
			);
			buildRules = (
			);
			dependencies = (
				962730C51CE7149200EDBF5E /* PBXTargetDependency */,
			);
			name = RummyCountUITests;
			productName = RummyCountUITests;
			productReference = 962730C31CE7149200EDBF5E /* RummyCountUITests.xctest */;
			productType = "com.apple.product-type.bundle.ui-testing";
		};
/* End PBXNativeTarget section */

/* Begin PBXProject section */
		9627309C1CE7149200EDBF5E /* Project object */ = {
			isa = PBXProject;
			attributes = {
				LastSwiftUpdateCheck = 0730;
				LastUpgradeCheck = 0730;
				ORGANIZATIONNAME = "Ramana Reddy";
				TargetAttributes = {
					962730A31CE7149200EDBF5E = {
						CreatedOnToolsVersion = 7.3;
					};
					962730B71CE7149200EDBF5E = {
						CreatedOnToolsVersion = 7.3;
						TestTargetID = 962730A31CE7149200EDBF5E;
					};
					962730C21CE7149200EDBF5E = {
						CreatedOnToolsVersion = 7.3;
						TestTargetID = 962730A31CE7149200EDBF5E;
					};
				};
			};
			buildConfigurationList = 9627309F1CE7149200EDBF5E /* Build configuration list for PBXProject "RummyCount" */;
			compatibilityVersion = "Xcode 3.2";
			developmentRegion = English;
			hasScannedForEncodings = 0;
			knownRegions = (
				en,
				Base,
			);
			mainGroup = 9627309B1CE7149200EDBF5E;
			productRefGroup = 962730A51CE7149200EDBF5E /* Products */;
			projectDirPath = "";
			projectRoot = "";
			targets = (
				962730A31CE7149200EDBF5E /* RummyCount */,
				962730B71CE7149200EDBF5E /* RummyCountTests */,
				962730C21CE7149200EDBF5E /* RummyCountUITests */,
			);
		};
/* End PBXProject section */

/* Begin PBXResourcesBuildPhase section */
		962730A21CE7149200EDBF5E /* Resources */ = {
			isa = PBXResourcesBuildPhase;
			buildActionMask = 2147483647;
			files = (
				962730B21CE7149200EDBF5E /* LaunchScreen.storyboard in Resources */,
				962730AF1CE7149200EDBF5E /* Assets.xcassets in Resources */,
				962730AD1CE7149200EDBF5E /* Main.storyboard in Resources */,
			);
			runOnlyForDeploymentPostprocessing = 0;
		};
		962730B61CE7149200EDBF5E /* Resources */ = {
			isa = PBXResourcesBuildPhase;
			buildActionMask = 2147483647;
			files = (
			);
			runOnlyForDeploymentPostprocessing = 0;
		};
		962730C11CE7149200EDBF5E /* Resources */ = {
			isa = PBXResourcesBuildPhase;
			buildActionMask = 2147483647;
			files = (
			);
			runOnlyForDeploymentPostprocessing = 0;
		};
/* End PBXResourcesBuildPhase section */

/* Begin PBXSourcesBuildPhase section */
		962730A01CE7149200EDBF5E /* Sources */ = {
			isa = PBXSourcesBuildPhase;
			buildActionMask = 2147483647;
			files = (
				962730AA1CE7149200EDBF5E /* ViewController.swift in Sources */,
				962730A81CE7149200EDBF5E /* AppDelegate.swift in Sources */,
			);
			runOnlyForDeploymentPostprocessing = 0;
		};
		962730B41CE7149200EDBF5E /* Sources */ = {
			isa = PBXSourcesBuildPhase;
			buildActionMask = 2147483647;
			files = (
				962730BD1CE7149200EDBF5E /* RummyCountTests.swift in Sources */,
			);
			runOnlyForDeploymentPostprocessing = 0;
		};
		962730BF1CE7149200EDBF5E /* Sources */ = {
			isa = PBXSourcesBuildPhase;
			buildActionMask = 2147483647;
			files = (
				962730C81CE7149200EDBF5E /* RummyCountUITests.swift in Sources */,
			);
			runOnlyForDeploymentPostprocessing = 0;
		};
/* End PBXSourcesBuildPhase section */

/* Begin PBXTargetDependency section */
		962730BA1CE7149200EDBF5E /* PBXTargetDependency */ = {
			isa = PBXTargetDependency;
			target = 962730A31CE7149200EDBF5E /* RummyCount */;
			targetProxy = 962730B91CE7149200EDBF5E /* PBXContainerItemProxy */;
		};
		962730C51CE7149200EDBF5E /* PBXTargetDependency */ = {
			isa = PBXTargetDependency;
			target = 962730A31CE7149200EDBF5E /* RummyCount */;
			targetProxy = 962730C41CE7149200EDBF5E /* PBXContainerItemProxy */;
		};
/* End PBXTargetDependency section */

/* Begin PBXVariantGroup section */
		962730AB1CE7149200EDBF5E /* Main.storyboard */ = {
			isa = PBXVariantGroup;
			children = (
				962730AC1CE7149200EDBF5E /* Base */,
			);
			name = Main.storyboard;
			sourceTree = "<group>";
		};
		962730B01CE7149200EDBF5E /* LaunchScreen.storyboard */ = {
			isa = PBXVariantGroup;
			children = (
				962730B11CE7149200EDBF5E /* Base */,
			);
			name = LaunchScreen.storyboard;
			sourceTree = "<group>";
		};
/* End PBXVariantGroup section */

/* Begin XCBuildConfiguration section */
		962730CA1CE7149200EDBF5E /* Debug */ = {
			isa = XCBuildConfiguration;
			buildSettings = {
				ALWAYS_SEARCH_USER_PATHS = NO;
				CLANG_ANALYZER_NONNULL = YES;
				CLANG_CXX_LANGUAGE_STANDARD = "gnu++0x";
				CLANG_CXX_LIBRARY = "libc++";
				CLANG_ENABLE_MODULES = YES;
				CLANG_ENABLE_OBJC_ARC = YES;
				CLANG_WARN_BOOL_CONVERSION = YES;
				CLANG_WARN_CONSTANT_CONVERSION = YES;
				CLANG_WARN_DIRECT_OBJC_ISA_USAGE = YES_ERROR;
				CLANG_WARN_EMPTY_BODY = YES;
				CLANG_WARN_ENUM_CONVERSION = YES;
				CLANG_WARN_INT_CONVERSION = YES;
				CLANG_WARN_OBJC_ROOT_CLASS = YES_ERROR;
				CLANG_WARN_UNREACHABLE_CODE = YES;
				CLANG_WARN__DUPLICATE_METHOD_MATCH = YES;
				"CODE_SIGN_IDENTITY[sdk=iphoneos*]" = "iPhone Developer";
				COPY_PHASE_STRIP = NO;
				DEBUG_INFORMATION_FORMAT = dwarf;
				ENABLE_STRICT_OBJC_MSGSEND = YES;
				ENABLE_TESTABILITY = YES;
				GCC_C_LANGUAGE_STANDARD = gnu99;
				GCC_DYNAMIC_NO_PIC = NO;
				GCC_NO_COMMON_BLOCKS = YES;
				GCC_OPTIMIZATION_LEVEL = 0;
				GCC_PREPROCESSOR_DEFINITIONS = (
					"DEBUG=1",
					"$(inherited)",
				);
				GCC_WARN_64_TO_32_BIT_CONVERSION = YES;
				GCC_WARN_ABOUT_RETURN_TYPE = YES_ERROR;
				GCC_WARN_UNDECLARED_SELECTOR = YES;
				GCC_WARN_UNINITIALIZED_AUTOS = YES_AGGRESSIVE;
				GCC_WARN_UNUSED_FUNCTION = YES;
				GCC_WARN_UNUSED_VARIABLE = YES;
				IPHONEOS_DEPLOYMENT_TARGET = 9.3;
				MTL_ENABLE_DEBUG_INFO = YES;
				ONLY_ACTIVE_ARCH = YES;
				SDKROOT = iphoneos;
				SWIFT_OPTIMIZATION_LEVEL = "-Onone";
				TARGETED_DEVICE_FAMILY = "1,2";
			};
			name = Debug;
		};
		962730CB1CE7149200EDBF5E /* Release */ = {
			isa = XCBuildConfiguration;
			buildSettings = {
				ALWAYS_SEARCH_USER_PATHS = NO;
				CLANG_ANALYZER_NONNULL = YES;
				CLANG_CXX_LANGUAGE_STANDARD = "gnu++0x";
				CLANG_CXX_LIBRARY = "libc++";
				CLANG_ENABLE_MODULES = YES;
				CLANG_ENABLE_OBJC_ARC = YES;
				CLANG_WARN_BOOL_CONVERSION = YES;
				CLANG_WARN_CONSTANT_CONVERSION = YES;
				CLANG_WARN_DIRECT_OBJC_ISA_USAGE = YES_ERROR;
				CLANG_WARN_EMPTY_BODY = YES;
				CLANG_WARN_ENUM_CONVERSION = YES;
				CLANG_WARN_INT_CONVERSION = YES;
				CLANG_WARN_OBJC_ROOT_CLASS = YES_ERROR;
				CLANG_WARN_UNREACHABLE_CODE = YES;
				CLANG_WARN__DUPLICATE_METHOD_MATCH = YES;
				"CODE_SIGN_IDENTITY[sdk=iphoneos*]" = "iPhone Developer";
				COPY_PHASE_STRIP = NO;
				DEBUG_INFORMATION_FORMAT = "dwarf-with-dsym";
				ENABLE_NS_ASSERTIONS = NO;
				ENABLE_STRICT_OBJC_MSGSEND = YES;
				GCC_C_LANGUAGE_STANDARD = gnu99;
				GCC_NO_COMMON_BLOCKS = YES;
				GCC_WARN_64_TO_32_BIT_CONVERSION = YES;
				GCC_WARN_ABOUT_RETURN_TYPE = YES_ERROR;
				GCC_WARN_UNDECLARED_SELECTOR = YES;
				GCC_WARN_UNINITIALIZED_AUTOS = YES_AGGRESSIVE;
				GCC_WARN_UNUSED_FUNCTION = YES;
				GCC_WARN_UNUSED_VARIABLE = YES;
				IPHONEOS_DEPLOYMENT_TARGET = 9.3;
				MTL_ENABLE_DEBUG_INFO = NO;
				SDKROOT = iphoneos;
				TARGETED_DEVICE_FAMILY = "1,2";
				VALIDATE_PRODUCT = YES;
			};
			name = Release;
		};
		962730CD1CE7149200EDBF5E /* Debug */ = {
			isa = XCBuildConfiguration;
			buildSettings = {
				ASSETCATALOG_COMPILER_APPICON_NAME = AppIcon;
				INFOPLIST_FILE = RummyCount/Info.plist;
				LD_RUNPATH_SEARCH_PATHS = "$(inherited) @executable_path/Frameworks";
				PRODUCT_BUNDLE_IDENTIFIER = com.AarviTech.RummyCount;
				PRODUCT_NAME = "$(TARGET_NAME)";
			};
			name = Debug;
		};
		962730CE1CE7149200EDBF5E /* Release */ = {
			isa = XCBuildConfiguration;
			buildSettings = {
				ASSETCATALOG_COMPILER_APPICON_NAME = AppIcon;
				INFOPLIST_FILE = RummyCount/Info.plist;
				LD_RUNPATH_SEARCH_PATHS = "$(inherited) @executable_path/Frameworks";
				PRODUCT_BUNDLE_IDENTIFIER = com.AarviTech.RummyCount;
				PRODUCT_NAME = "$(TARGET_NAME)";
			};
			name = Release;
		};
		962730D01CE7149200EDBF5E /* Debug */ = {
			isa = XCBuildConfiguration;
			buildSettings = {
				BUNDLE_LOADER = "$(TEST_HOST)";
				INFOPLIST_FILE = RummyCountTests/Info.plist;
				LD_RUNPATH_SEARCH_PATHS = "$(inherited) @executable_path/Frameworks @loader_path/Frameworks";
				PRODUCT_BUNDLE_IDENTIFIER = com.AarviTech.RummyCountTests;
				PRODUCT_NAME = "$(TARGET_NAME)";
				TEST_HOST = "$(BUILT_PRODUCTS_DIR)/RummyCount.app/RummyCount";
			};
			name = Debug;
		};
		962730D11CE7149200EDBF5E /* Release */ = {
			isa = XCBuildConfiguration;
			buildSettings = {
				BUNDLE_LOADER = "$(TEST_HOST)";
				INFOPLIST_FILE = RummyCountTests/Info.plist;
				LD_RUNPATH_SEARCH_PATHS = "$(inherited) @executable_path/Frameworks @loader_path/Frameworks";
				PRODUCT_BUNDLE_IDENTIFIER = com.AarviTech.RummyCountTests;
				PRODUCT_NAME = "$(TARGET_NAME)";
				TEST_HOST = "$(BUILT_PRODUCTS_DIR)/RummyCount.app/RummyCount";
			};
			name = Release;
		};
		962730D31CE7149200EDBF5E /* Debug */ = {
			isa = XCBuildConfiguration;
			buildSettings = {
				INFOPLIST_FILE = RummyCountUITests/Info.plist;
				LD_RUNPATH_SEARCH_PATHS = "$(inherited) @executable_path/Frameworks @loader_path/Frameworks";
				PRODUCT_BUNDLE_IDENTIFIER = com.AarviTech.RummyCountUITests;
				PRODUCT_NAME = "$(TARGET_NAME)";
				TEST_TARGET_NAME = RummyCount;
			};
			name = Debug;
		};
		962730D41CE7149200EDBF5E /* Release */ = {
			isa = XCBuildConfiguration;
			buildSettings = {
				INFOPLIST_FILE = RummyCountUITests/Info.plist;
				LD_RUNPATH_SEARCH_PATHS = "$(inherited) @executable_path/Frameworks @loader_path/Frameworks";
				PRODUCT_BUNDLE_IDENTIFIER = com.AarviTech.RummyCountUITests;
				PRODUCT_NAME = "$(TARGET_NAME)";
				TEST_TARGET_NAME = RummyCount;
			};
			name = Release;
		};
/* End XCBuildConfiguration section */

/* Begin XCConfigurationList section */
		9627309F1CE7149200EDBF5E /* Build configuration list for PBXProject "RummyCount" */ = {
			isa = XCConfigurationList;
			buildConfigurations = (
				962730CA1CE7149200EDBF5E /* Debug */,
				962730CB1CE7149200EDBF5E /* Release */,
			);
			defaultConfigurationIsVisible = 0;
			defaultConfigurationName = Release;
		};
		962730CC1CE7149200EDBF5E /* Build configuration list for PBXNativeTarget "RummyCount" */ = {
			isa = XCConfigurationList;
			buildConfigurations = (
				962730CD1CE7149200EDBF5E /* Debug */,
				962730CE1CE7149200EDBF5E /* Release */,
			);
			defaultConfigurationIsVisible = 0;
		};
		962730CF1CE7149200EDBF5E /* Build configuration list for PBXNativeTarget "RummyCountTests" */ = {
			isa = XCConfigurationList;
			buildConfigurations = (
				962730D01CE7149200EDBF5E /* Debug */,
				962730D11CE7149200EDBF5E /* Release */,
			);
			defaultConfigurationIsVisible = 0;
		};
		962730D21CE7149200EDBF5E /* Build configuration list for PBXNativeTarget "RummyCountUITests" */ = {
			isa = XCConfigurationList;
			buildConfigurations = (
				962730D31CE7149200EDBF5E /* Debug */,
				962730D41CE7149200EDBF5E /* Release */,
			);
			defaultConfigurationIsVisible = 0;
		};
/* End XCConfigurationList section */
	};
	rootObject = 9627309C1CE7149200EDBF5E /* Project object */;
}
